// !$*UTF8*$!
{
	archiveVersion = 1;
	classes = {
	};
	objectVersion = 56;
	objects = {

/* Begin PBXBuildFile section */
		B0A9E11E7963575875833D5A /* Pods_Shine.framework in Frameworks */ = {isa = PBXBuildFile; fileRef = 567465CE66417B97967E1DD3 /* Pods_Shine.framework */; };
		F534B960291C00C50099EE2C /* AppDelegate.swift in Sources */ = {isa = PBXBuildFile; fileRef = F534B95F291C00C50099EE2C /* AppDelegate.swift */; };
		F534B962291C00C50099EE2C /* SceneDelegate.swift in Sources */ = {isa = PBXBuildFile; fileRef = F534B961291C00C50099EE2C /* SceneDelegate.swift */; };
		F534B964291C00C50099EE2C /* ViewController.swift in Sources */ = {isa = PBXBuildFile; fileRef = F534B963291C00C50099EE2C /* ViewController.swift */; };
		F534B967291C00C50099EE2C /* Main.storyboard in Resources */ = {isa = PBXBuildFile; fileRef = F534B965291C00C50099EE2C /* Main.storyboard */; };
		F534B969291C00C60099EE2C /* Assets.xcassets in Resources */ = {isa = PBXBuildFile; fileRef = F534B968291C00C60099EE2C /* Assets.xcassets */; };
		F534B96C291C00C60099EE2C /* LaunchScreen.storyboard in Resources */ = {isa = PBXBuildFile; fileRef = F534B96A291C00C60099EE2C /* LaunchScreen.storyboard */; };
		F5AFD404291D787F00518E12 /* Networking.swift in Sources */ = {isa = PBXBuildFile; fileRef = F5AFD403291D787F00518E12 /* Networking.swift */; };
		F5AFD406291D800900518E12 /* AdviceData.swift in Sources */ = {isa = PBXBuildFile; fileRef = F5AFD405291D800900518E12 /* AdviceData.swift */; };
		F5B14194291F1590001793E3 /* Untitled.png in Resources */ = {isa = PBXBuildFile; fileRef = F5B14193291F1590001793E3 /* Untitled.png */; };
		F5B14196291FDA3E001793E3 /* PopUp.swift in Sources */ = {isa = PBXBuildFile; fileRef = F5B14195291FDA3E001793E3 /* PopUp.swift */; };
		F5B14198291FDA79001793E3 /* PopUp.xib in Resources */ = {isa = PBXBuildFile; fileRef = F5B14197291FDA79001793E3 /* PopUp.xib */; };
		F5B1419A291FE6DA001793E3 /* Style.swift in Sources */ = {isa = PBXBuildFile; fileRef = F5B14199291FE6DA001793E3 /* Style.swift */; };
		F5E6F0052922E12E00DA34EE /* getAdvice.png in Resources */ = {isa = PBXBuildFile; fileRef = F5E6F0042922E12D00DA34EE /* getAdvice.png */; };
		F5FE3167291EA0C0001FEDE0 /* PushButton.swift in Sources */ = {isa = PBXBuildFile; fileRef = F5FE3166291EA0C0001FEDE0 /* PushButton.swift */; };
/* End PBXBuildFile section */

/* Begin PBXFileReference section */
		1383729A2604290705671D64 /* Pods-Shine.debug.xcconfig */ = {isa = PBXFileReference; includeInIndex = 1; lastKnownFileType = text.xcconfig; name = "Pods-Shine.debug.xcconfig"; path = "Target Support Files/Pods-Shine/Pods-Shine.debug.xcconfig"; sourceTree = "<group>"; };
		567465CE66417B97967E1DD3 /* Pods_Shine.framework */ = {isa = PBXFileReference; explicitFileType = wrapper.framework; includeInIndex = 0; path = Pods_Shine.framework; sourceTree = BUILT_PRODUCTS_DIR; };
		DB212E639AD47A57DA32EFD0 /* Pods-Shine.release.xcconfig */ = {isa = PBXFileReference; includeInIndex = 1; lastKnownFileType = text.xcconfig; name = "Pods-Shine.release.xcconfig"; path = "Target Support Files/Pods-Shine/Pods-Shine.release.xcconfig"; sourceTree = "<group>"; };
		F534B95C291C00C50099EE2C /* Shine.app */ = {isa = PBXFileReference; explicitFileType = wrapper.application; includeInIndex = 0; path = Shine.app; sourceTree = BUILT_PRODUCTS_DIR; };
		F534B95F291C00C50099EE2C /* AppDelegate.swift */ = {isa = PBXFileReference; lastKnownFileType = sourcecode.swift; path = AppDelegate.swift; sourceTree = "<group>"; };
		F534B961291C00C50099EE2C /* SceneDelegate.swift */ = {isa = PBXFileReference; lastKnownFileType = sourcecode.swift; path = SceneDelegate.swift; sourceTree = "<group>"; };
		F534B963291C00C50099EE2C /* ViewController.swift */ = {isa = PBXFileReference; lastKnownFileType = sourcecode.swift; path = ViewController.swift; sourceTree = "<group>"; };
		F534B966291C00C50099EE2C /* Base */ = {isa = PBXFileReference; lastKnownFileType = file.storyboard; name = Base; path = Base.lproj/Main.storyboard; sourceTree = "<group>"; };
		F534B968291C00C60099EE2C /* Assets.xcassets */ = {isa = PBXFileReference; lastKnownFileType = folder.assetcatalog; path = Assets.xcassets; sourceTree = "<group>"; };
		F534B96B291C00C60099EE2C /* Base */ = {isa = PBXFileReference; lastKnownFileType = file.storyboard; name = Base; path = Base.lproj/LaunchScreen.storyboard; sourceTree = "<group>"; };
		F534B96D291C00C60099EE2C /* Info.plist */ = {isa = PBXFileReference; lastKnownFileType = text.plist.xml; path = Info.plist; sourceTree = "<group>"; };
		F5AFD403291D787F00518E12 /* Networking.swift */ = {isa = PBXFileReference; lastKnownFileType = sourcecode.swift; path = Networking.swift; sourceTree = "<group>"; };
		F5AFD405291D800900518E12 /* AdviceData.swift */ = {isa = PBXFileReference; lastKnownFileType = sourcecode.swift; path = AdviceData.swift; sourceTree = "<group>"; };
		F5B14193291F1590001793E3 /* Untitled.png */ = {isa = PBXFileReference; lastKnownFileType = image.png; path = Untitled.png; sourceTree = "<group>"; };
		F5B14195291FDA3E001793E3 /* PopUp.swift */ = {isa = PBXFileReference; lastKnownFileType = sourcecode.swift; path = PopUp.swift; sourceTree = "<group>"; };
		F5B14197291FDA79001793E3 /* PopUp.xib */ = {isa = PBXFileReference; lastKnownFileType = file.xib; path = PopUp.xib; sourceTree = "<group>"; };
		F5B14199291FE6DA001793E3 /* Style.swift */ = {isa = PBXFileReference; lastKnownFileType = sourcecode.swift; path = Style.swift; sourceTree = "<group>"; };
		F5E6F0042922E12D00DA34EE /* getAdvice.png */ = {isa = PBXFileReference; lastKnownFileType = image.png; path = getAdvice.png; sourceTree = "<group>"; };
		F5FE3166291EA0C0001FEDE0 /* PushButton.swift */ = {isa = PBXFileReference; lastKnownFileType = sourcecode.swift; path = PushButton.swift; sourceTree = "<group>"; };
/* End PBXFileReference section */

/* Begin PBXFrameworksBuildPhase section */
		F534B959291C00C50099EE2C /* Frameworks */ = {
			isa = PBXFrameworksBuildPhase;
			buildActionMask = 2147483647;
			files = (
				B0A9E11E7963575875833D5A /* Pods_Shine.framework in Frameworks */,
			);
			runOnlyForDeploymentPostprocessing = 0;
		};
/* End PBXFrameworksBuildPhase section */

/* Begin PBXGroup section */
		6E1F69B528E77C87D471F7FB /* Frameworks */ = {
			isa = PBXGroup;
			children = (
				567465CE66417B97967E1DD3 /* Pods_Shine.framework */,
			);
			name = Frameworks;
			sourceTree = "<group>";
		};
		B519D8F532FA05A393B01097 /* Pods */ = {
			isa = PBXGroup;
			children = (
				1383729A2604290705671D64 /* Pods-Shine.debug.xcconfig */,
				DB212E639AD47A57DA32EFD0 /* Pods-Shine.release.xcconfig */,
			);
			path = Pods;
			sourceTree = "<group>";
		};
		F534B953291C00C50099EE2C = {
			isa = PBXGroup;
			children = (
				F534B95E291C00C50099EE2C /* Shine */,
				F534B95D291C00C50099EE2C /* Products */,
				B519D8F532FA05A393B01097 /* Pods */,
				6E1F69B528E77C87D471F7FB /* Frameworks */,
			);
			sourceTree = "<group>";
		};
		F534B95D291C00C50099EE2C /* Products */ = {
			isa = PBXGroup;
			children = (
				F534B95C291C00C50099EE2C /* Shine.app */,
			);
			name = Products;
			sourceTree = "<group>";
		};
		F534B95E291C00C50099EE2C /* Shine */ = {
			isa = PBXGroup;
			children = (
				F534B95F291C00C50099EE2C /* AppDelegate.swift */,
				F534B961291C00C50099EE2C /* SceneDelegate.swift */,
				F5AFD405291D800900518E12 /* AdviceData.swift */,
				F5AFD403291D787F00518E12 /* Networking.swift */,
				F5B14199291FE6DA001793E3 /* Style.swift */,
				F534B963291C00C50099EE2C /* ViewController.swift */,
				F5B14197291FDA79001793E3 /* PopUp.xib */,
				F5FE3166291EA0C0001FEDE0 /* PushButton.swift */,
				F5B14195291FDA3E001793E3 /* PopUp.swift */,
				F534B965291C00C50099EE2C /* Main.storyboard */,
				F5E6F0042922E12D00DA34EE /* getAdvice.png */,
				F534B968291C00C60099EE2C /* Assets.xcassets */,
				F5B14193291F1590001793E3 /* Untitled.png */,
				F534B96A291C00C60099EE2C /* LaunchScreen.storyboard */,
				F534B96D291C00C60099EE2C /* Info.plist */,
			);
			path = Shine;
			sourceTree = "<group>";
		};
/* End PBXGroup section */

/* Begin PBXNativeTarget section */
		F534B95B291C00C50099EE2C /* Shine */ = {
			isa = PBXNativeTarget;
			buildConfigurationList = F534B970291C00C60099EE2C /* Build configuration list for PBXNativeTarget "Shine" */;
			buildPhases = (
				DE3D8D5328D7C1EFB05125BC /* [CP] Check Pods Manifest.lock */,
				F534B958291C00C50099EE2C /* Sources */,
				F534B959291C00C50099EE2C /* Frameworks */,
				F534B95A291C00C50099EE2C /* Resources */,
				5D202E7BE4A0FC31771DB985 /* [CP] Embed Pods Frameworks */,
			);
			buildRules = (
			);
			dependencies = (
			);
			name = Shine;
			productName = Shine;
			productReference = F534B95C291C00C50099EE2C /* Shine.app */;
			productType = "com.apple.product-type.application";
		};
/* End PBXNativeTarget section */

/* Begin PBXProject section */
		F534B954291C00C50099EE2C /* Project object */ = {
			isa = PBXProject;
			attributes = {
				BuildIndependentTargetsInParallel = 1;
				LastSwiftUpdateCheck = 1410;
				LastUpgradeCheck = 1410;
				TargetAttributes = {
					F534B95B291C00C50099EE2C = {
						CreatedOnToolsVersion = 14.1;
					};
				};
			};
			buildConfigurationList = F534B957291C00C50099EE2C /* Build configuration list for PBXProject "Shine" */;
			compatibilityVersion = "Xcode 14.0";
			developmentRegion = en;
			hasScannedForEncodings = 0;
			knownRegions = (
				en,
				Base,
			);
			mainGroup = F534B953291C00C50099EE2C;
			productRefGroup = F534B95D291C00C50099EE2C /* Products */;
			projectDirPath = "";
			projectRoot = "";
			targets = (
				F534B95B291C00C50099EE2C /* Shine */,
			);
		};
/* End PBXProject section */

/* Begin PBXResourcesBuildPhase section */
		F534B95A291C00C50099EE2C /* Resources */ = {
			isa = PBXResourcesBuildPhase;
			buildActionMask = 2147483647;
			files = (
				F5B14194291F1590001793E3 /* Untitled.png in Resources */,
				F534B96C291C00C60099EE2C /* LaunchScreen.storyboard in Resources */,
				F534B969291C00C60099EE2C /* Assets.xcassets in Resources */,
				F5B14198291FDA79001793E3 /* PopUp.xib in Resources */,
				F534B967291C00C50099EE2C /* Main.storyboard in Resources */,
				F5E6F0052922E12E00DA34EE /* getAdvice.png in Resources */,
			);
			runOnlyForDeploymentPostprocessing = 0;
		};
/* End PBXResourcesBuildPhase section */

/* Begin PBXShellScriptBuildPhase section */
		5D202E7BE4A0FC31771DB985 /* [CP] Embed Pods Frameworks */ = {
			isa = PBXShellScriptBuildPhase;
			buildActionMask = 2147483647;
			files = (
			);
			inputFileListPaths = (
				"${PODS_ROOT}/Target Support Files/Pods-Shine/Pods-Shine-frameworks-${CONFIGURATION}-input-files.xcfilelist",
			);
			name = "[CP] Embed Pods Frameworks";
			outputFileListPaths = (
				"${PODS_ROOT}/Target Support Files/Pods-Shine/Pods-Shine-frameworks-${CONFIGURATION}-output-files.xcfilelist",
			);
			runOnlyForDeploymentPostprocessing = 0;
			shellPath = /bin/sh;
			shellScript = "\"${PODS_ROOT}/Target Support Files/Pods-Shine/Pods-Shine-frameworks.sh\"\n";
			showEnvVarsInLog = 0;
		};
		DE3D8D5328D7C1EFB05125BC /* [CP] Check Pods Manifest.lock */ = {
			isa = PBXShellScriptBuildPhase;
			buildActionMask = 2147483647;
			files = (
			);
			inputFileListPaths = (
			);
			inputPaths = (
				"${PODS_PODFILE_DIR_PATH}/Podfile.lock",
				"${PODS_ROOT}/Manifest.lock",
			);
			name = "[CP] Check Pods Manifest.lock";
			outputFileListPaths = (
			);
			outputPaths = (
				"$(DERIVED_FILE_DIR)/Pods-Shine-checkManifestLockResult.txt",
			);
			runOnlyForDeploymentPostprocessing = 0;
			shellPath = /bin/sh;
			shellScript = "diff \"${PODS_PODFILE_DIR_PATH}/Podfile.lock\" \"${PODS_ROOT}/Manifest.lock\" > /dev/null\nif [ $? != 0 ] ; then\n    # print error to STDERR\n    echo \"error: The sandbox is not in sync with the Podfile.lock. Run 'pod install' or update your CocoaPods installation.\" >&2\n    exit 1\nfi\n# This output is used by Xcode 'outputs' to avoid re-running this script phase.\necho \"SUCCESS\" > \"${SCRIPT_OUTPUT_FILE_0}\"\n";
			showEnvVarsInLog = 0;
		};
/* End PBXShellScriptBuildPhase section */

/* Begin PBXSourcesBuildPhase section */
		F534B958291C00C50099EE2C /* Sources */ = {
			isa = PBXSourcesBuildPhase;
			buildActionMask = 2147483647;
			files = (
				F534B964291C00C50099EE2C /* ViewController.swift in Sources */,
				F5AFD406291D800900518E12 /* AdviceData.swift in Sources */,
				F534B960291C00C50099EE2C /* AppDelegate.swift in Sources */,
				F5B14196291FDA3E001793E3 /* PopUp.swift in Sources */,
				F534B962291C00C50099EE2C /* SceneDelegate.swift in Sources */,
				F5AFD404291D787F00518E12 /* Networking.swift in Sources */,
				F5FE3167291EA0C0001FEDE0 /* PushButton.swift in Sources */,
				F5B1419A291FE6DA001793E3 /* Style.swift in Sources */,
			);
			runOnlyForDeploymentPostprocessing = 0;
		};
/* End PBXSourcesBuildPhase section */

/* Begin PBXVariantGroup section */
		F534B965291C00C50099EE2C /* Main.storyboard */ = {
			isa = PBXVariantGroup;
			children = (
				F534B966291C00C50099EE2C /* Base */,
			);
			name = Main.storyboard;
			sourceTree = "<group>";
		};
		F534B96A291C00C60099EE2C /* LaunchScreen.storyboard */ = {
			isa = PBXVariantGroup;
			children = (
				F534B96B291C00C60099EE2C /* Base */,
			);
			name = LaunchScreen.storyboard;
			sourceTree = "<group>";
		};
/* End PBXVariantGroup section */

/* Begin XCBuildConfiguration section */
		F534B96E291C00C60099EE2C /* Debug */ = {
			isa = XCBuildConfiguration;
			buildSettings = {
				ALWAYS_SEARCH_USER_PATHS = NO;
				CLANG_ANALYZER_NONNULL = YES;
				CLANG_ANALYZER_NUMBER_OBJECT_CONVERSION = YES_AGGRESSIVE;
				CLANG_CXX_LANGUAGE_STANDARD = "gnu++20";
				CLANG_ENABLE_MODULES = YES;
				CLANG_ENABLE_OBJC_ARC = YES;
				CLANG_ENABLE_OBJC_WEAK = YES;
				CLANG_WARN_BLOCK_CAPTURE_AUTORELEASING = YES;
				CLANG_WARN_BOOL_CONVERSION = YES;
				CLANG_WARN_COMMA = YES;
				CLANG_WARN_CONSTANT_CONVERSION = YES;
				CLANG_WARN_DEPRECATED_OBJC_IMPLEMENTATIONS = YES;
				CLANG_WARN_DIRECT_OBJC_ISA_USAGE = YES_ERROR;
				CLANG_WARN_DOCUMENTATION_COMMENTS = YES;
				CLANG_WARN_EMPTY_BODY = YES;
				CLANG_WARN_ENUM_CONVERSION = YES;
				CLANG_WARN_INFINITE_RECURSION = YES;
				CLANG_WARN_INT_CONVERSION = YES;
				CLANG_WARN_NON_LITERAL_NULL_CONVERSION = YES;
				CLANG_WARN_OBJC_IMPLICIT_RETAIN_SELF = YES;
				CLANG_WARN_OBJC_LITERAL_CONVERSION = YES;
				CLANG_WARN_OBJC_ROOT_CLASS = YES_ERROR;
				CLANG_WARN_QUOTED_INCLUDE_IN_FRAMEWORK_HEADER = YES;
				CLANG_WARN_RANGE_LOOP_ANALYSIS = YES;
				CLANG_WARN_STRICT_PROTOTYPES = YES;
				CLANG_WARN_SUSPICIOUS_MOVE = YES;
				CLANG_WARN_UNGUARDED_AVAILABILITY = YES_AGGRESSIVE;
				CLANG_WARN_UNREACHABLE_CODE = YES;
				CLANG_WARN__DUPLICATE_METHOD_MATCH = YES;
				COPY_PHASE_STRIP = NO;
				DEBUG_INFORMATION_FORMAT = dwarf;
				ENABLE_STRICT_OBJC_MSGSEND = YES;
				ENABLE_TESTABILITY = YES;
				GCC_C_LANGUAGE_STANDARD = gnu11;
				GCC_DYNAMIC_NO_PIC = NO;
				GCC_NO_COMMON_BLOCKS = YES;
				GCC_OPTIMIZATION_LEVEL = 0;
				GCC_PREPROCESSOR_DEFINITIONS = (
					"DEBUG=1",
					"$(inherited)",
				);
				GCC_WARN_64_TO_32_BIT_CONVERSION = YES;
				GCC_WARN_ABOUT_RETURN_TYPE = YES_ERROR;
				GCC_WARN_UNDECLARED_SELECTOR = YES;
				GCC_WARN_UNINITIALIZED_AUTOS = YES_AGGRESSIVE;
				GCC_WARN_UNUSED_FUNCTION = YES;
				GCC_WARN_UNUSED_VARIABLE = YES;
				IPHONEOS_DEPLOYMENT_TARGET = 16.1;
				MTL_ENABLE_DEBUG_INFO = INCLUDE_SOURCE;
				MTL_FAST_MATH = YES;
				ONLY_ACTIVE_ARCH = YES;
				SDKROOT = iphoneos;
				SWIFT_ACTIVE_COMPILATION_CONDITIONS = DEBUG;
				SWIFT_OPTIMIZATION_LEVEL = "-Onone";
			};
			name = Debug;
		};
		F534B96F291C00C60099EE2C /* Release */ = {
			isa = XCBuildConfiguration;
			buildSettings = {
				ALWAYS_SEARCH_USER_PATHS = NO;
				CLANG_ANALYZER_NONNULL = YES;
				CLANG_ANALYZER_NUMBER_OBJECT_CONVERSION = YES_AGGRESSIVE;
				CLANG_CXX_LANGUAGE_STANDARD = "gnu++20";
				CLANG_ENABLE_MODULES = YES;
				CLANG_ENABLE_OBJC_ARC = YES;
				CLANG_ENABLE_OBJC_WEAK = YES;
				CLANG_WARN_BLOCK_CAPTURE_AUTORELEASING = YES;
				CLANG_WARN_BOOL_CONVERSION = YES;
				CLANG_WARN_COMMA = YES;
				CLANG_WARN_CONSTANT_CONVERSION = YES;
				CLANG_WARN_DEPRECATED_OBJC_IMPLEMENTATIONS = YES;
				CLANG_WARN_DIRECT_OBJC_ISA_USAGE = YES_ERROR;
				CLANG_WARN_DOCUMENTATION_COMMENTS = YES;
				CLANG_WARN_EMPTY_BODY = YES;
				CLANG_WARN_ENUM_CONVERSION = YES;
				CLANG_WARN_INFINITE_RECURSION = YES;
				CLANG_WARN_INT_CONVERSION = YES;
				CLANG_WARN_NON_LITERAL_NULL_CONVERSION = YES;
				CLANG_WARN_OBJC_IMPLICIT_RETAIN_SELF = YES;
				CLANG_WARN_OBJC_LITERAL_CONVERSION = YES;
				CLANG_WARN_OBJC_ROOT_CLASS = YES_ERROR;
				CLANG_WARN_QUOTED_INCLUDE_IN_FRAMEWORK_HEADER = YES;
				CLANG_WARN_RANGE_LOOP_ANALYSIS = YES;
				CLANG_WARN_STRICT_PROTOTYPES = YES;
				CLANG_WARN_SUSPICIOUS_MOVE = YES;
				CLANG_WARN_UNGUARDED_AVAILABILITY = YES_AGGRESSIVE;
				CLANG_WARN_UNREACHABLE_CODE = YES;
				CLANG_WARN__DUPLICATE_METHOD_MATCH = YES;
				COPY_PHASE_STRIP = NO;
				DEBUG_INFORMATION_FORMAT = "dwarf-with-dsym";
				ENABLE_NS_ASSERTIONS = NO;
				ENABLE_STRICT_OBJC_MSGSEND = YES;
				GCC_C_LANGUAGE_STANDARD = gnu11;
				GCC_NO_COMMON_BLOCKS = YES;
				GCC_WARN_64_TO_32_BIT_CONVERSION = YES;
				GCC_WARN_ABOUT_RETURN_TYPE = YES_ERROR;
				GCC_WARN_UNDECLARED_SELECTOR = YES;
				GCC_WARN_UNINITIALIZED_AUTOS = YES_AGGRESSIVE;
				GCC_WARN_UNUSED_FUNCTION = YES;
				GCC_WARN_UNUSED_VARIABLE = YES;
				IPHONEOS_DEPLOYMENT_TARGET = 16.1;
				MTL_ENABLE_DEBUG_INFO = NO;
				MTL_FAST_MATH = YES;
				SDKROOT = iphoneos;
				SWIFT_COMPILATION_MODE = wholemodule;
				SWIFT_OPTIMIZATION_LEVEL = "-O";
				VALIDATE_PRODUCT = YES;
			};
			name = Release;
		};
		F534B971291C00C60099EE2C /* Debug */ = {
			isa = XCBuildConfiguration;
			baseConfigurationReference = 1383729A2604290705671D64 /* Pods-Shine.debug.xcconfig */;
			buildSettings = {
				ASSETCATALOG_COMPILER_APPICON_NAME = AppIcon;
				ASSETCATALOG_COMPILER_GLOBAL_ACCENT_COLOR_NAME = AccentColor;
				CODE_SIGN_STYLE = Automatic;
				CURRENT_PROJECT_VERSION = 1;
				DEVELOPMENT_TEAM = A34GH6Z753;
				GENERATE_INFOPLIST_FILE = YES;
				INFOPLIST_FILE = Shine/Info.plist;
				INFOPLIST_KEY_UIApplicationSupportsIndirectInputEvents = YES;
				INFOPLIST_KEY_UILaunchStoryboardName = LaunchScreen;
				INFOPLIST_KEY_UIMainStoryboardFile = Main;
				INFOPLIST_KEY_UISupportedInterfaceOrientations_iPad = "UIInterfaceOrientationPortrait UIInterfaceOrientationPortraitUpsideDown UIInterfaceOrientationLandscapeLeft UIInterfaceOrientationLandscapeRight";
				INFOPLIST_KEY_UISupportedInterfaceOrientations_iPhone = "UIInterfaceOrientationPortrait UIInterfaceOrientationLandscapeLeft UIInterfaceOrientationLandscapeRight";
				LD_RUNPATH_SEARCH_PATHS = (
					"$(inherited)",
					"@executable_path/Frameworks",
				);
				MARKETING_VERSION = 1.0;
				PRODUCT_BUNDLE_IDENTIFIER = com.kamilcaglar.Shine;
				PRODUCT_NAME = "$(TARGET_NAME)";
				SWIFT_EMIT_LOC_STRINGS = YES;
				SWIFT_VERSION = 5.0;
				TARGETED_DEVICE_FAMILY = "1,2";
			};
			name = Debug;
		};
		F534B972291C00C60099EE2C /* Release */ = {
			isa = XCBuildConfiguration;
			baseConfigurationReference = DB212E639AD47A57DA32EFD0 /* Pods-Shine.release.xcconfig */;
			buildSettings = {
				ASSETCATALOG_COMPILER_APPICON_NAME = AppIcon;
				ASSETCATALOG_COMPILER_GLOBAL_ACCENT_COLOR_NAME = AccentColor;
				CODE_SIGN_STYLE = Automatic;
				CURRENT_PROJECT_VERSION = 1;
				DEVELOPMENT_TEAM = A34GH6Z753;
				GENERATE_INFOPLIST_FILE = YES;
				INFOPLIST_FILE = Shine/Info.plist;
				INFOPLIST_KEY_UIApplicationSupportsIndirectInputEvents = YES;
				INFOPLIST_KEY_UILaunchStoryboardName = LaunchScreen;
				INFOPLIST_KEY_UIMainStoryboardFile = Main;
				INFOPLIST_KEY_UISupportedInterfaceOrientations_iPad = "UIInterfaceOrientationPortrait UIInterfaceOrientationPortraitUpsideDown UIInterfaceOrientationLandscapeLeft UIInterfaceOrientationLandscapeRight";
				INFOPLIST_KEY_UISupportedInterfaceOrientations_iPhone = "UIInterfaceOrientationPortrait UIInterfaceOrientationLandscapeLeft UIInterfaceOrientationLandscapeRight";
				LD_RUNPATH_SEARCH_PATHS = (
					"$(inherited)",
					"@executable_path/Frameworks",
				);
				MARKETING_VERSION = 1.0;
				PRODUCT_BUNDLE_IDENTIFIER = com.kamilcaglar.Shine;
				PRODUCT_NAME = "$(TARGET_NAME)";
				SWIFT_EMIT_LOC_STRINGS = YES;
				SWIFT_VERSION = 5.0;
				TARGETED_DEVICE_FAMILY = "1,2";
			};
			name = Release;
		};
/* End XCBuildConfiguration section */

/* Begin XCConfigurationList section */
		F534B957291C00C50099EE2C /* Build configuration list for PBXProject "Shine" */ = {
			isa = XCConfigurationList;
			buildConfigurations = (
				F534B96E291C00C60099EE2C /* Debug */,
				F534B96F291C00C60099EE2C /* Release */,
			);
			defaultConfigurationIsVisible = 0;
			defaultConfigurationName = Release;
		};
		F534B970291C00C60099EE2C /* Build configuration list for PBXNativeTarget "Shine" */ = {
			isa = XCConfigurationList;
			buildConfigurations = (
				F534B971291C00C60099EE2C /* Debug */,
				F534B972291C00C60099EE2C /* Release */,
			);
			defaultConfigurationIsVisible = 0;
			defaultConfigurationName = Release;
		};
/* End XCConfigurationList section */
	};
	rootObject = F534B954291C00C50099EE2C /* Project object */;
}
